
Microsoft Visual Studio Solution File, Format Version 12.00
# Visual Studio Version 17
VisualStudioVersion = 17.11.35303.130
MinimumVisualStudioVersion = 10.0.40219.1
Project("{FAE04EC0-301F-11D3-BF4B-00C04F79EFBC}") = "SweetManagerWebService", "SweetManagerWebService\SweetManagerWebService.csproj", "{4489A15B-0396-4623-B436-674B341955BC}"
EndProject
Global
	GlobalSection(SolutionConfigurationPlatforms) = preSolution
		Debug|Any CPU = Debug|Any CPU
		Release|Any CPU = Release|Any CPU
	EndGlobalSection
	GlobalSection(ProjectConfigurationPlatforms) = postSolution
		{4489A15B-0396-4623-B436-674B341955BC}.Debug|Any CPU.ActiveCfg = Debug|Any CPU
		{4489A15B-0396-4623-B436-674B341955BC}.Debug|Any CPU.Build.0 = Debug|Any CPU
		{4489A15B-0396-4623-B436-674B341955BC}.Release|Any CPU.ActiveCfg = Release|Any CPU
		{4489A15B-0396-4623-B436-674B341955BC}.Release|Any CPU.Build.0 = Release|Any CPU
	EndGlobalSection
	GlobalSection(SolutionProperties) = preSolution
		HideSolutionNode = FALSE
	EndGlobalSection
	GlobalSection(ExtensibilityGlobals) = postSolution
		SolutionGuid = {E4EDD530-CD7B-4FA2-A079-CF822F5F506A}
	EndGlobalSection
EndGlobal
